
Microsoft Visual Studio Solution File, Format Version 12.00
# Visual Studio Version 17
VisualStudioVersion = 17.0.32014.148
MinimumVisualStudioVersion = 10.0.40219.1
Project("{FAE04EC0-301F-11D3-BF4B-00C04F79EFBC}") = "ConsoleApp20", "ConsoleApp20\ConsoleApp20.csproj", "{F3B8766E-58F5-4FD0-888F-CA4F2FCAEAB3}"
EndProject
Global
	GlobalSection(SolutionConfigurationPlatforms) = preSolution
		Debug|Any CPU = Debug|Any CPU
		Release|Any CPU = Release|Any CPU
	EndGlobalSection
	GlobalSection(ProjectConfigurationPlatforms) = postSolution
		{F3B8766E-58F5-4FD0-888F-CA4F2FCAEAB3}.Debug|Any CPU.ActiveCfg = Debug|Any CPU
		{F3B8766E-58F5-4FD0-888F-CA4F2FCAEAB3}.Debug|Any CPU.Build.0 = Debug|Any CPU
		{F3B8766E-58F5-4FD0-888F-CA4F2FCAEAB3}.Release|Any CPU.ActiveCfg = Release|Any CPU
		{F3B8766E-58F5-4FD0-888F-CA4F2FCAEAB3}.Release|Any CPU.Build.0 = Release|Any CPU
	EndGlobalSection
	GlobalSection(SolutionProperties) = preSolution
		HideSolutionNode = FALSE
	EndGlobalSection
	GlobalSection(ExtensibilityGlobals) = postSolution
		SolutionGuid = {7EE53F2C-4F31-49D6-80A3-C756CA7A9FFF}
	EndGlobalSection
EndGlobal
